
Microsoft Visual Studio Solution File, Format Version 12.00
# Visual Studio Version 17
VisualStudioVersion = 17.14.36327.8 d17.14
MinimumVisualStudioVersion = 10.0.40219.1
Project("{FAE04EC0-301F-11D3-BF4B-00C04F79EFBC}") = "TodoList", "TodoList\TodoList.csproj", "{8633D7A3-3174-4D93-AECD-4AF07C361B16}"
EndProject
Global
	GlobalSection(SolutionConfigurationPlatforms) = preSolution
		Debug|Any CPU = Debug|Any CPU
		Release|Any CPU = Release|Any CPU
	EndGlobalSection
	GlobalSection(ProjectConfigurationPlatforms) = postSolution
		{8633D7A3-3174-4D93-AECD-4AF07C361B16}.Debug|Any CPU.ActiveCfg = Debug|Any CPU
		{8633D7A3-3174-4D93-AECD-4AF07C361B16}.Debug|Any CPU.Build.0 = Debug|Any CPU
		{8633D7A3-3174-4D93-AECD-4AF07C361B16}.Release|Any CPU.ActiveCfg = Release|Any CPU
		{8633D7A3-3174-4D93-AECD-4AF07C361B16}.Release|Any CPU.Build.0 = Release|Any CPU
	EndGlobalSection
	GlobalSection(SolutionProperties) = preSolution
		HideSolutionNode = FALSE
	EndGlobalSection
	GlobalSection(ExtensibilityGlobals) = postSolution
		SolutionGuid = {A7617D23-9C40-494F-BEDB-52CFB12CBA49}
	EndGlobalSection
EndGlobal
